// !$*UTF8*$!
{
	archiveVersion = 1;
	classes = {
	};
	objectVersion = 46;
	objects = {

/* Begin PBXBuildFile section */
		BA2E228414E1169B004BC921 /* UIKit.framework in Frameworks */ = {isa = PBXBuildFile; fileRef = BA2E226314E11280004BC921 /* UIKit.framework */; };
		BA2E228514E1169B004BC921 /* Foundation.framework in Frameworks */ = {isa = PBXBuildFile; fileRef = BA2E225314E1127F004BC921 /* Foundation.framework */; };
		BA2E228714E1169B004BC921 /* CoreGraphics.framework in Frameworks */ = {isa = PBXBuildFile; fileRef = BA2E228614E1169B004BC921 /* CoreGraphics.framework */; };
		BAF9AA9814E11BA200E71D7F /* AppDelegate.m in Sources */ = {isa = PBXBuildFile; fileRef = BAF9AA8614E11BA200E71D7F /* AppDelegate.m */; };
		BAF9AA9B14E11BA200E71D7F /* MainStoryboard_iPad.storyboard in Resources */ = {isa = PBXBuildFile; fileRef = BAF9AA8B14E11BA200E71D7F /* MainStoryboard_iPad.storyboard */; };
		BAF9AA9C14E11BA200E71D7F /* MainStoryboard_iPhone.storyboard in Resources */ = {isa = PBXBuildFile; fileRef = BAF9AA8D14E11BA200E71D7F /* MainStoryboard_iPhone.storyboard */; };
		BAF9AA9D14E11BA200E71D7F /* main.m in Sources */ = {isa = PBXBuildFile; fileRef = BAF9AA8F14E11BA200E71D7F /* main.m */; };
		BAF9AA9E14E11BA200E71D7F /* ViewController.m in Sources */ = {isa = PBXBuildFile; fileRef = BAF9AA9114E11BA200E71D7F /* ViewController.m */; };
		BAF9AA9F14E11BA200E71D7F /* Benchmark.m in Sources */ = {isa = PBXBuildFile; fileRef = BAF9AA9414E11BA200E71D7F /* Benchmark.m */; };
		BAF9AAA014E11BA200E71D7F /* CoreDataVsSqlLite.m in Sources */ = {isa = PBXBuildFile; fileRef = BAF9AA9714E11BA200E71D7F /* CoreDataVsSqlLite.m */; };
		BAF9AAA214E11CA800E71D7F /* CoreData.framework in Frameworks */ = {isa = PBXBuildFile; fileRef = BAF9AAA114E11CA800E71D7F /* CoreData.framework */; };
		BAF9AAA614E1231400E71D7F /* CoreDataSqlite.xcdatamodeld in Sources */ = {isa = PBXBuildFile; fileRef = BAF9AAA414E1231400E71D7F /* CoreDataSqlite.xcdatamodeld */; };
		BAF9AAA914E1251C00E71D7F /* User.m in Sources */ = {isa = PBXBuildFile; fileRef = BAF9AAA814E1251C00E71D7F /* User.m */; };
/* End PBXBuildFile section */

/* Begin PBXFileReference section */
		BA2E225314E1127F004BC921 /* Foundation.framework */ = {isa = PBXFileReference; lastKnownFileType = wrapper.framework; name = Foundation.framework; path = System/Library/Frameworks/Foundation.framework; sourceTree = SDKROOT; };
		BA2E226314E11280004BC921 /* UIKit.framework */ = {isa = PBXFileReference; lastKnownFileType = wrapper.framework; name = UIKit.framework; path = Library/Frameworks/UIKit.framework; sourceTree = DEVELOPER_DIR; };
		BA2E228214E1169B004BC921 /* CoreDataVsSqliteView.app */ = {isa = PBXFileReference; explicitFileType = wrapper.application; includeInIndex = 0; path = CoreDataVsSqliteView.app; sourceTree = BUILT_PRODUCTS_DIR; };
		BA2E228614E1169B004BC921 /* CoreGraphics.framework */ = {isa = PBXFileReference; lastKnownFileType = wrapper.framework; name = CoreGraphics.framework; path = System/Library/Frameworks/CoreGraphics.framework; sourceTree = SDKROOT; };
		BAF9AA8514E11BA200E71D7F /* AppDelegate.h */ = {isa = PBXFileReference; fileEncoding = 4; lastKnownFileType = sourcecode.c.h; path = AppDelegate.h; sourceTree = "<group>"; };
		BAF9AA8614E11BA200E71D7F /* AppDelegate.m */ = {isa = PBXFileReference; fileEncoding = 4; lastKnownFileType = sourcecode.c.objc; path = AppDelegate.m; sourceTree = "<group>"; };
		BAF9AA8714E11BA200E71D7F /* CoreDataVsSqliteView-Info.plist */ = {isa = PBXFileReference; fileEncoding = 4; lastKnownFileType = text.plist.xml; path = "CoreDataVsSqliteView-Info.plist"; sourceTree = "<group>"; };
		BAF9AA8814E11BA200E71D7F /* CoreDataVsSqliteView-Prefix.pch */ = {isa = PBXFileReference; fileEncoding = 4; lastKnownFileType = sourcecode.c.h; path = "CoreDataVsSqliteView-Prefix.pch"; sourceTree = "<group>"; };
		BAF9AA8A14E11BA200E71D7F /* en */ = {isa = PBXFileReference; lastKnownFileType = text.plist.strings; name = en; path = en.lproj/InfoPlist.strings; sourceTree = "<group>"; };
		BAF9AA8C14E11BA200E71D7F /* en */ = {isa = PBXFileReference; lastKnownFileType = file.storyboard; name = en; path = en.lproj/MainStoryboard_iPad.storyboard; sourceTree = "<group>"; };
		BAF9AA8E14E11BA200E71D7F /* en */ = {isa = PBXFileReference; lastKnownFileType = file.storyboard; name = en; path = en.lproj/MainStoryboard_iPhone.storyboard; sourceTree = "<group>"; };
		BAF9AA8F14E11BA200E71D7F /* main.m */ = {isa = PBXFileReference; fileEncoding = 4; lastKnownFileType = sourcecode.c.objc; path = main.m; sourceTree = "<group>"; };
		BAF9AA9014E11BA200E71D7F /* ViewController.h */ = {isa = PBXFileReference; fileEncoding = 4; lastKnownFileType = sourcecode.c.h; path = ViewController.h; sourceTree = "<group>"; };
		BAF9AA9114E11BA200E71D7F /* ViewController.m */ = {isa = PBXFileReference; fileEncoding = 4; lastKnownFileType = sourcecode.c.objc; path = ViewController.m; sourceTree = "<group>"; };
		BAF9AA9314E11BA200E71D7F /* Benchmark.h */ = {isa = PBXFileReference; fileEncoding = 4; lastKnownFileType = sourcecode.c.h; path = Benchmark.h; sourceTree = "<group>"; };
		BAF9AA9414E11BA200E71D7F /* Benchmark.m */ = {isa = PBXFileReference; fileEncoding = 4; lastKnownFileType = sourcecode.c.objc; path = Benchmark.m; sourceTree = "<group>"; };
		BAF9AA9614E11BA200E71D7F /* CoreDataVsSqlLite.h */ = {isa = PBXFileReference; fileEncoding = 4; lastKnownFileType = sourcecode.c.h; path = CoreDataVsSqlLite.h; sourceTree = "<group>"; };
		BAF9AA9714E11BA200E71D7F /* CoreDataVsSqlLite.m */ = {isa = PBXFileReference; fileEncoding = 4; lastKnownFileType = sourcecode.c.objc; path = CoreDataVsSqlLite.m; sourceTree = "<group>"; };
		BAF9AAA114E11CA800E71D7F /* CoreData.framework */ = {isa = PBXFileReference; lastKnownFileType = wrapper.framework; name = CoreData.framework; path = System/Library/Frameworks/CoreData.framework; sourceTree = SDKROOT; };
		BAF9AAA514E1231400E71D7F /* CoreDataSqlite.xcdatamodel */ = {isa = PBXFileReference; lastKnownFileType = wrapper.xcdatamodel; path = CoreDataSqlite.xcdatamodel; sourceTree = "<group>"; };
		BAF9AAA714E1251C00E71D7F /* User.h */ = {isa = PBXFileReference; fileEncoding = 4; lastKnownFileType = sourcecode.c.h; path = User.h; sourceTree = "<group>"; };
		BAF9AAA814E1251C00E71D7F /* User.m */ = {isa = PBXFileReference; fileEncoding = 4; lastKnownFileType = sourcecode.c.objc; path = User.m; sourceTree = "<group>"; };
/* End PBXFileReference section */

/* Begin PBXFrameworksBuildPhase section */
		BA2E227F14E1169B004BC921 /* Frameworks */ = {
			isa = PBXFrameworksBuildPhase;
			buildActionMask = 2147483647;
			files = (
				BAF9AAA214E11CA800E71D7F /* CoreData.framework in Frameworks */,
				BA2E228414E1169B004BC921 /* UIKit.framework in Frameworks */,
				BA2E228514E1169B004BC921 /* Foundation.framework in Frameworks */,
				BA2E228714E1169B004BC921 /* CoreGraphics.framework in Frameworks */,
			);
			runOnlyForDeploymentPostprocessing = 0;
		};
/* End PBXFrameworksBuildPhase section */

/* Begin PBXGroup section */
		BA2E224514E1127E004BC921 = {
			isa = PBXGroup;
			children = (
				BAF9AAA114E11CA800E71D7F /* CoreData.framework */,
				BA2E228814E1169B004BC921 /* CoreDataVsSqliteView */,
				BA2E225214E1127F004BC921 /* Frameworks */,
				BA2E225114E1127F004BC921 /* Products */,
			);
			sourceTree = "<group>";
		};
		BA2E225114E1127F004BC921 /* Products */ = {
			isa = PBXGroup;
			children = (
				BA2E228214E1169B004BC921 /* CoreDataVsSqliteView.app */,
			);
			name = Products;
			sourceTree = "<group>";
		};
		BA2E225214E1127F004BC921 /* Frameworks */ = {
			isa = PBXGroup;
			children = (
				BA2E225314E1127F004BC921 /* Foundation.framework */,
				BA2E226314E11280004BC921 /* UIKit.framework */,
				BA2E228614E1169B004BC921 /* CoreGraphics.framework */,
			);
			name = Frameworks;
			sourceTree = "<group>";
		};
		BA2E228814E1169B004BC921 /* CoreDataVsSqliteView */ = {
			isa = PBXGroup;
			children = (
				BAF9AAA314E122EF00E71D7F /* Assets */,
				BAF9AA8414E11BA200E71D7F /* CoreDataVsSqliteView */,
				BAF9AA9214E11BA200E71D7F /* CoreDataVsSqlLite */,
			);
			path = CoreDataVsSqliteView;
			sourceTree = "<group>";
		};
		BAF9AA8414E11BA200E71D7F /* CoreDataVsSqliteView */ = {
			isa = PBXGroup;
			children = (
				BAF9AA8514E11BA200E71D7F /* AppDelegate.h */,
				BAF9AA8614E11BA200E71D7F /* AppDelegate.m */,
				BAF9AA8714E11BA200E71D7F /* CoreDataVsSqliteView-Info.plist */,
				BAF9AA8814E11BA200E71D7F /* CoreDataVsSqliteView-Prefix.pch */,
				BAF9AA8914E11BA200E71D7F /* InfoPlist.strings */,
				BAF9AA8B14E11BA200E71D7F /* MainStoryboard_iPad.storyboard */,
				BAF9AA8D14E11BA200E71D7F /* MainStoryboard_iPhone.storyboard */,
				BAF9AA8F14E11BA200E71D7F /* main.m */,
				BAF9AA9014E11BA200E71D7F /* ViewController.h */,
				BAF9AA9114E11BA200E71D7F /* ViewController.m */,
				BAF9AAA714E1251C00E71D7F /* User.h */,
				BAF9AAA814E1251C00E71D7F /* User.m */,
			);
			name = CoreDataVsSqliteView;
			sourceTree = "<group>";
		};
		BAF9AA9214E11BA200E71D7F /* CoreDataVsSqlLite */ = {
			isa = PBXGroup;
			children = (
				BAF9AA9314E11BA200E71D7F /* Benchmark.h */,
				BAF9AA9414E11BA200E71D7F /* Benchmark.m */,
				BAF9AA9614E11BA200E71D7F /* CoreDataVsSqlLite.h */,
				BAF9AA9714E11BA200E71D7F /* CoreDataVsSqlLite.m */,
			);
			path = CoreDataVsSqlLite;
			sourceTree = SOURCE_ROOT;
		};
		BAF9AAA314E122EF00E71D7F /* Assets */ = {
			isa = PBXGroup;
			children = (
				BAF9AAA414E1231400E71D7F /* CoreDataSqlite.xcdatamodeld */,
			);
			name = Assets;
			sourceTree = "<group>";
		};
/* End PBXGroup section */

/* Begin PBXNativeTarget section */
		BA2E228114E1169B004BC921 /* CoreDataVsSqliteView */ = {
			isa = PBXNativeTarget;
			buildConfigurationList = BA2E22B114E1169C004BC921 /* Build configuration list for PBXNativeTarget "CoreDataVsSqliteView" */;
			buildPhases = (
				BA2E227E14E1169B004BC921 /* Sources */,
				BA2E227F14E1169B004BC921 /* Frameworks */,
				BA2E228014E1169B004BC921 /* Resources */,
			);
			buildRules = (
			);
			dependencies = (
			);
			name = CoreDataVsSqliteView;
			productName = CoreDataVsSqliteView;
			productReference = BA2E228214E1169B004BC921 /* CoreDataVsSqliteView.app */;
			productType = "com.apple.product-type.application";
		};
/* End PBXNativeTarget section */

/* Begin PBXProject section */
		BA2E224714E1127E004BC921 /* Project object */ = {
			isa = PBXProject;
			attributes = {
				LastUpgradeCheck = 0420;
			};
			buildConfigurationList = BA2E224A14E1127E004BC921 /* Build configuration list for PBXProject "CoreDataVsSqlLite" */;
			compatibilityVersion = "Xcode 3.2";
			developmentRegion = English;
			hasScannedForEncodings = 0;
			knownRegions = (
				en,
			);
			mainGroup = BA2E224514E1127E004BC921;
			productRefGroup = BA2E225114E1127F004BC921 /* Products */;
			projectDirPath = "";
			projectRoot = "";
			targets = (
				BA2E228114E1169B004BC921 /* CoreDataVsSqliteView */,
			);
		};
/* End PBXProject section */

/* Begin PBXResourcesBuildPhase section */
		BA2E228014E1169B004BC921 /* Resources */ = {
			isa = PBXResourcesBuildPhase;
			buildActionMask = 2147483647;
			files = (
				BAF9AA9B14E11BA200E71D7F /* MainStoryboard_iPad.storyboard in Resources */,
				BAF9AA9C14E11BA200E71D7F /* MainStoryboard_iPhone.storyboard in Resources */,
			);
			runOnlyForDeploymentPostprocessing = 0;
		};
/* End PBXResourcesBuildPhase section */

/* Begin PBXSourcesBuildPhase section */
		BA2E227E14E1169B004BC921 /* Sources */ = {
			isa = PBXSourcesBuildPhase;
			buildActionMask = 2147483647;
			files = (
				BAF9AA9814E11BA200E71D7F /* AppDelegate.m in Sources */,
				BAF9AA9D14E11BA200E71D7F /* main.m in Sources */,
				BAF9AA9E14E11BA200E71D7F /* ViewController.m in Sources */,
				BAF9AA9F14E11BA200E71D7F /* Benchmark.m in Sources */,
				BAF9AAA014E11BA200E71D7F /* CoreDataVsSqlLite.m in Sources */,
				BAF9AAA614E1231400E71D7F /* CoreDataSqlite.xcdatamodeld in Sources */,
				BAF9AAA914E1251C00E71D7F /* User.m in Sources */,
			);
			runOnlyForDeploymentPostprocessing = 0;
		};
/* End PBXSourcesBuildPhase section */

/* Begin PBXVariantGroup section */
		BAF9AA8914E11BA200E71D7F /* InfoPlist.strings */ = {
			isa = PBXVariantGroup;
			children = (
				BAF9AA8A14E11BA200E71D7F /* en */,
			);
			name = InfoPlist.strings;
			sourceTree = "<group>";
		};
		BAF9AA8B14E11BA200E71D7F /* MainStoryboard_iPad.storyboard */ = {
			isa = PBXVariantGroup;
			children = (
				BAF9AA8C14E11BA200E71D7F /* en */,
			);
			name = MainStoryboard_iPad.storyboard;
			sourceTree = "<group>";
		};
		BAF9AA8D14E11BA200E71D7F /* MainStoryboard_iPhone.storyboard */ = {
			isa = PBXVariantGroup;
			children = (
				BAF9AA8E14E11BA200E71D7F /* en */,
			);
			name = MainStoryboard_iPhone.storyboard;
			sourceTree = "<group>";
		};
/* End PBXVariantGroup section */

/* Begin XCBuildConfiguration section */
		BA2E227214E11280004BC921 /* Debug */ = {
			isa = XCBuildConfiguration;
			buildSettings = {
				ALWAYS_SEARCH_USER_PATHS = NO;
				ARCHS = "$(ARCHS_STANDARD_32_BIT)";
				CLANG_ENABLE_OBJC_ARC = YES;
				COPY_PHASE_STRIP = NO;
				GCC_C_LANGUAGE_STANDARD = gnu99;
				GCC_DYNAMIC_NO_PIC = NO;
				GCC_OPTIMIZATION_LEVEL = 0;
				GCC_PREPROCESSOR_DEFINITIONS = (
					"DEBUG=1",
					"$(inherited)",
				);
				GCC_SYMBOLS_PRIVATE_EXTERN = NO;
				GCC_VERSION = com.apple.compilers.llvm.clang.1_0;
				GCC_WARN_ABOUT_MISSING_PROTOTYPES = YES;
				GCC_WARN_ABOUT_RETURN_TYPE = YES;
				GCC_WARN_UNUSED_VARIABLE = YES;
				IPHONEOS_DEPLOYMENT_TARGET = 5.0;
				SDKROOT = iphoneos;
			};
			name = Debug;
		};
		BA2E227314E11280004BC921 /* Release */ = {
			isa = XCBuildConfiguration;
			buildSettings = {
				ALWAYS_SEARCH_USER_PATHS = NO;
				ARCHS = "$(ARCHS_STANDARD_32_BIT)";
				CLANG_ENABLE_OBJC_ARC = YES;
				COPY_PHASE_STRIP = YES;
				GCC_C_LANGUAGE_STANDARD = gnu99;
				GCC_VERSION = com.apple.compilers.llvm.clang.1_0;
				GCC_WARN_ABOUT_MISSING_PROTOTYPES = YES;
				GCC_WARN_ABOUT_RETURN_TYPE = YES;
				GCC_WARN_UNUSED_VARIABLE = YES;
				IPHONEOS_DEPLOYMENT_TARGET = 5.0;
				SDKROOT = iphoneos;
				VALIDATE_PRODUCT = YES;
			};
			name = Release;
		};
		BA2E22B214E1169C004BC921 /* Debug */ = {
			isa = XCBuildConfiguration;
			buildSettings = {
				"CODE_SIGN_IDENTITY[sdk=iphoneos*]" = "iPhone Developer";
				FRAMEWORK_SEARCH_PATHS = (
					"$(inherited)",
					"\"$(DEVELOPER_FRAMEWORKS_DIR)\"",
				);
				GCC_PRECOMPILE_PREFIX_HEADER = YES;
				GCC_PREFIX_HEADER = "CoreDataVsSqliteView/CoreDataVsSqliteView-Prefix.pch";
				INFOPLIST_FILE = "CoreDataVsSqliteView/CoreDataVsSqliteView-Info.plist";
				PRODUCT_NAME = "$(TARGET_NAME)";
				TARGETED_DEVICE_FAMILY = "1,2";
				WRAPPER_EXTENSION = app;
			};
			name = Debug;
		};
		BA2E22B314E1169C004BC921 /* Release */ = {
			isa = XCBuildConfiguration;
			buildSettings = {
				"CODE_SIGN_IDENTITY[sdk=iphoneos*]" = "iPhone Developer";
				FRAMEWORK_SEARCH_PATHS = (
					"$(inherited)",
					"\"$(DEVELOPER_FRAMEWORKS_DIR)\"",
				);
				GCC_PRECOMPILE_PREFIX_HEADER = YES;
				GCC_PREFIX_HEADER = "CoreDataVsSqliteView/CoreDataVsSqliteView-Prefix.pch";
				INFOPLIST_FILE = "CoreDataVsSqliteView/CoreDataVsSqliteView-Info.plist";
				OTHER_CFLAGS = "-DNS_BLOCK_ASSERTIONS=1";
				PRODUCT_NAME = "$(TARGET_NAME)";
				TARGETED_DEVICE_FAMILY = "1,2";
				WRAPPER_EXTENSION = app;
			};
			name = Release;
		};
/* End XCBuildConfiguration section */

/* Begin XCConfigurationList section */
		BA2E224A14E1127E004BC921 /* Build configuration list for PBXProject "CoreDataVsSqlLite" */ = {
			isa = XCConfigurationList;
			buildConfigurations = (
				BA2E227214E11280004BC921 /* Debug */,
				BA2E227314E11280004BC921 /* Release */,
			);
			defaultConfigurationIsVisible = 0;
			defaultConfigurationName = Release;
		};
		BA2E22B114E1169C004BC921 /* Build configuration list for PBXNativeTarget "CoreDataVsSqliteView" */ = {
			isa = XCConfigurationList;
			buildConfigurations = (
				BA2E22B214E1169C004BC921 /* Debug */,
				BA2E22B314E1169C004BC921 /* Release */,
			);
			defaultConfigurationIsVisible = 0;
			defaultConfigurationName = Release;
		};
/* End XCConfigurationList section */

/* Begin XCVersionGroup section */
		BAF9AAA414E1231400E71D7F /* CoreDataSqlite.xcdatamodeld */ = {
			isa = XCVersionGroup;
			children = (
				BAF9AAA514E1231400E71D7F /* CoreDataSqlite.xcdatamodel */,
			);
			currentVersion = BAF9AAA514E1231400E71D7F /* CoreDataSqlite.xcdatamodel */;
			path = CoreDataSqlite.xcdatamodeld;
			sourceTree = "<group>";
			versionGroupType = wrapper.xcdatamodel;
		};
/* End XCVersionGroup section */
	};
	rootObject = BA2E224714E1127E004BC921 /* Project object */;
}
